
Microsoft Visual Studio Solution File, Format Version 12.00
# Visual Studio 15
VisualStudioVersion = 15.0.27428.1
MinimumVisualStudioVersion = 10.0.40219.1
Project("{FAE04EC0-301F-11D3-BF4B-00C04F79EFBC}") = "FlowerPlot", "FlowerPlot\FlowerPlot.csproj", "{AD2F3176-A9F5-4356-9409-59886111B643}"
EndProject
Project("{FAE04EC0-301F-11D3-BF4B-00C04F79EFBC}") = "FlowerPlot.Common", "FlowerPlot.Common\FlowerPlot.Common.csproj", "{57729B65-B340-4EC9-BF73-1DA488746ADA}"
EndProject
Project("{FAE04EC0-301F-11D3-BF4B-00C04F79EFBC}") = "FlowerPlot.Server", "FlowerPlot.Server\FlowerPlot.Server.csproj", "{4E3906AD-6BAE-4A16-BF93-9DF7A057CF2E}"
EndProject
Global
	GlobalSection(SolutionConfigurationPlatforms) = preSolution
		Debug|Any CPU = Debug|Any CPU
		Release|Any CPU = Release|Any CPU
	EndGlobalSection
	GlobalSection(ProjectConfigurationPlatforms) = postSolution
		{AD2F3176-A9F5-4356-9409-59886111B643}.Debug|Any CPU.ActiveCfg = Debug|Any CPU
		{AD2F3176-A9F5-4356-9409-59886111B643}.Debug|Any CPU.Build.0 = Debug|Any CPU
		{AD2F3176-A9F5-4356-9409-59886111B643}.Release|Any CPU.ActiveCfg = Release|Any CPU
		{AD2F3176-A9F5-4356-9409-59886111B643}.Release|Any CPU.Build.0 = Release|Any CPU
		{57729B65-B340-4EC9-BF73-1DA488746ADA}.Debug|Any CPU.ActiveCfg = Debug|Any CPU
		{57729B65-B340-4EC9-BF73-1DA488746ADA}.Debug|Any CPU.Build.0 = Debug|Any CPU
		{57729B65-B340-4EC9-BF73-1DA488746ADA}.Release|Any CPU.ActiveCfg = Release|Any CPU
		{57729B65-B340-4EC9-BF73-1DA488746ADA}.Release|Any CPU.Build.0 = Release|Any CPU
		{4E3906AD-6BAE-4A16-BF93-9DF7A057CF2E}.Debug|Any CPU.ActiveCfg = Debug|Any CPU
		{4E3906AD-6BAE-4A16-BF93-9DF7A057CF2E}.Debug|Any CPU.Build.0 = Debug|Any CPU
		{4E3906AD-6BAE-4A16-BF93-9DF7A057CF2E}.Release|Any CPU.ActiveCfg = Release|Any CPU
		{4E3906AD-6BAE-4A16-BF93-9DF7A057CF2E}.Release|Any CPU.Build.0 = Release|Any CPU
	EndGlobalSection
	GlobalSection(SolutionProperties) = preSolution
		HideSolutionNode = FALSE
	EndGlobalSection
	GlobalSection(ExtensibilityGlobals) = postSolution
		SolutionGuid = {4569C6FC-7BE1-407D-9B2B-5ABD61E9CF13}
	EndGlobalSection
EndGlobal
